
Microsoft Visual Studio Solution File, Format Version 12.00
# Visual Studio Version 17
VisualStudioVersion = 17.11.35208.52
MinimumVisualStudioVersion = 10.0.40219.1
Project("{9A19103F-16F7-4668-BE54-9A1E7A4F7556}") = "YWSDotNetCore.ConsoleApp", "YWSDotNetCore.ConsoleApp\YWSDotNetCore.ConsoleApp.csproj", "{9B7E045A-EE7C-4383-836C-E8C4FFE6DBC0}"
EndProject
Project("{2150E333-8FDC-42A3-9474-1A3956D46DE8}") = "Documents", "Documents", "{7E50B291-F6AD-44DD-9DCF-D01297A7E104}"
	ProjectSection(SolutionItems) = preProject
		README.md = README.md
	EndProjectSection
EndProject
Project("{9A19103F-16F7-4668-BE54-9A1E7A4F7556}") = "YWSDotNetCore.Database2", "YWSDotNetCore.Database2\YWSDotNetCore.Database2.csproj", "{02186383-6A18-4458-84D5-E3F88167D185}"
EndProject
Project("{9A19103F-16F7-4668-BE54-9A1E7A4F7556}") = "YWSDotNetCore.ConsoleApp2", "YWSDotNetCore.ConsoleApp2\YWSDotNetCore.ConsoleApp2.csproj", "{AB2C41DA-B8E2-4875-8CE5-F63DB5E122FD}"
EndProject
Project("{9A19103F-16F7-4668-BE54-9A1E7A4F7556}") = "YWSDotNetCore.RestApi", "YWSDotNetCore.RestApi\YWSDotNetCore.RestApi.csproj", "{240BAC5D-1D58-4F31-A6A9-FF8F3815E6D0}"
EndProject
Project("{9A19103F-16F7-4668-BE54-9A1E7A4F7556}") = "YWSDotNetCore.Shared", "YWSDotNetCore.Shared\YWSDotNetCore.Shared.csproj", "{5E4DB218-83F5-4AC0-AC53-40B245F61848}"
EndProject
Project("{9A19103F-16F7-4668-BE54-9A1E7A4F7556}") = "YWSDotNetCore.MinimalApi", "YWSDotNetCore.MinimalApi\YWSDotNetCore.MinimalApi.csproj", "{0FCB5DEC-CCA8-4EC2-9842-A75D1760F33A}"
EndProject
Project("{9A19103F-16F7-4668-BE54-9A1E7A4F7556}") = "YWSDotNetCore.BirdMinimalApi", "YWSDotNetCore.BirdMinimalApi\YWSDotNetCore.BirdMinimalApi.csproj", "{8656BE9A-8ED9-4376-A3F2-FF6374A42223}"
EndProject
Project("{FAE04EC0-301F-11D3-BF4B-00C04F79EFBC}") = "YWSDotNetCore.FruitsMinimalApi", "YWSDotNetCore.FruitsMinimalApi\YWSDotNetCore.FruitsMinimalApi.csproj", "{D908DF84-32C3-40BD-854B-7835563ECF98}"
EndProject
Global
	GlobalSection(SolutionConfigurationPlatforms) = preSolution
		Debug|Any CPU = Debug|Any CPU
		Release|Any CPU = Release|Any CPU
	EndGlobalSection
	GlobalSection(ProjectConfigurationPlatforms) = postSolution
		{9B7E045A-EE7C-4383-836C-E8C4FFE6DBC0}.Debug|Any CPU.ActiveCfg = Debug|Any CPU
		{9B7E045A-EE7C-4383-836C-E8C4FFE6DBC0}.Debug|Any CPU.Build.0 = Debug|Any CPU
		{9B7E045A-EE7C-4383-836C-E8C4FFE6DBC0}.Release|Any CPU.ActiveCfg = Release|Any CPU
		{9B7E045A-EE7C-4383-836C-E8C4FFE6DBC0}.Release|Any CPU.Build.0 = Release|Any CPU
		{02186383-6A18-4458-84D5-E3F88167D185}.Debug|Any CPU.ActiveCfg = Debug|Any CPU
		{02186383-6A18-4458-84D5-E3F88167D185}.Debug|Any CPU.Build.0 = Debug|Any CPU
		{02186383-6A18-4458-84D5-E3F88167D185}.Release|Any CPU.ActiveCfg = Release|Any CPU
		{02186383-6A18-4458-84D5-E3F88167D185}.Release|Any CPU.Build.0 = Release|Any CPU
		{AB2C41DA-B8E2-4875-8CE5-F63DB5E122FD}.Debug|Any CPU.ActiveCfg = Debug|Any CPU
		{AB2C41DA-B8E2-4875-8CE5-F63DB5E122FD}.Debug|Any CPU.Build.0 = Debug|Any CPU
		{AB2C41DA-B8E2-4875-8CE5-F63DB5E122FD}.Release|Any CPU.ActiveCfg = Release|Any CPU
		{AB2C41DA-B8E2-4875-8CE5-F63DB5E122FD}.Release|Any CPU.Build.0 = Release|Any CPU
		{240BAC5D-1D58-4F31-A6A9-FF8F3815E6D0}.Debug|Any CPU.ActiveCfg = Debug|Any CPU
		{240BAC5D-1D58-4F31-A6A9-FF8F3815E6D0}.Debug|Any CPU.Build.0 = Debug|Any CPU
		{240BAC5D-1D58-4F31-A6A9-FF8F3815E6D0}.Release|Any CPU.ActiveCfg = Release|Any CPU
		{240BAC5D-1D58-4F31-A6A9-FF8F3815E6D0}.Release|Any CPU.Build.0 = Release|Any CPU
		{5E4DB218-83F5-4AC0-AC53-40B245F61848}.Debug|Any CPU.ActiveCfg = Debug|Any CPU
		{5E4DB218-83F5-4AC0-AC53-40B245F61848}.Debug|Any CPU.Build.0 = Debug|Any CPU
		{5E4DB218-83F5-4AC0-AC53-40B245F61848}.Release|Any CPU.ActiveCfg = Release|Any CPU
		{5E4DB218-83F5-4AC0-AC53-40B245F61848}.Release|Any CPU.Build.0 = Release|Any CPU
		{0FCB5DEC-CCA8-4EC2-9842-A75D1760F33A}.Debug|Any CPU.ActiveCfg = Debug|Any CPU
		{0FCB5DEC-CCA8-4EC2-9842-A75D1760F33A}.Debug|Any CPU.Build.0 = Debug|Any CPU
		{0FCB5DEC-CCA8-4EC2-9842-A75D1760F33A}.Release|Any CPU.ActiveCfg = Release|Any CPU
		{0FCB5DEC-CCA8-4EC2-9842-A75D1760F33A}.Release|Any CPU.Build.0 = Release|Any CPU
		{8656BE9A-8ED9-4376-A3F2-FF6374A42223}.Debug|Any CPU.ActiveCfg = Debug|Any CPU
		{8656BE9A-8ED9-4376-A3F2-FF6374A42223}.Debug|Any CPU.Build.0 = Debug|Any CPU
		{8656BE9A-8ED9-4376-A3F2-FF6374A42223}.Release|Any CPU.ActiveCfg = Release|Any CPU
		{8656BE9A-8ED9-4376-A3F2-FF6374A42223}.Release|Any CPU.Build.0 = Release|Any CPU
		{D908DF84-32C3-40BD-854B-7835563ECF98}.Debug|Any CPU.ActiveCfg = Debug|Any CPU
		{D908DF84-32C3-40BD-854B-7835563ECF98}.Debug|Any CPU.Build.0 = Debug|Any CPU
		{D908DF84-32C3-40BD-854B-7835563ECF98}.Release|Any CPU.ActiveCfg = Release|Any CPU
		{D908DF84-32C3-40BD-854B-7835563ECF98}.Release|Any CPU.Build.0 = Release|Any CPU
	EndGlobalSection
	GlobalSection(SolutionProperties) = preSolution
		HideSolutionNode = FALSE
	EndGlobalSection
	GlobalSection(ExtensibilityGlobals) = postSolution
		SolutionGuid = {B31F05D2-0312-432A-85D1-E8DBED243278}
	EndGlobalSection
EndGlobal
